// !$*UTF8*$!
{
	archiveVersion = 1;
	classes = {
	};
	objectVersion = 46;
	objects = {

/* Begin PBXBuildFile section */
		40EDC9CB8BF210B1A62E4ECD /* libPods.a in Frameworks */ = {isa = PBXBuildFile; fileRef = 18B8EF401B215CC4FC78AA7E /* libPods.a */; };
		6EB714A21C415FEA0014D4A0 /* main.m in Sources */ = {isa = PBXBuildFile; fileRef = 6EB714A11C415FEA0014D4A0 /* main.m */; };
		6EB714A51C415FEA0014D4A0 /* AppDelegate.m in Sources */ = {isa = PBXBuildFile; fileRef = 6EB714A41C415FEA0014D4A0 /* AppDelegate.m */; };
		6EB714AD1C415FEA0014D4A0 /* Images.xcassets in Resources */ = {isa = PBXBuildFile; fileRef = 6EB714AC1C415FEA0014D4A0 /* Images.xcassets */; };
		6EB714BC1C415FEA0014D4A0 /* LHTestProductTests.m in Sources */ = {isa = PBXBuildFile; fileRef = 6EB714BB1C415FEA0014D4A0 /* LHTestProductTests.m */; };
		D05E62601C47779800811927 /* lhMainViewController.m in Sources */ = {isa = PBXBuildFile; fileRef = D05E625F1C47779800811927 /* lhMainViewController.m */; };
		D05E62641C477A6600811927 /* lhNavigationBar.m in Sources */ = {isa = PBXBuildFile; fileRef = D05E62631C477A6600811927 /* lhNavigationBar.m */; };
		D05E62691C47802900811927 /* UIColor+lhColor.m in Sources */ = {isa = PBXBuildFile; fileRef = D05E62681C47802900811927 /* UIColor+lhColor.m */; };
		D05E626E1C47939700811927 /* back.png in Resources */ = {isa = PBXBuildFile; fileRef = D05E626D1C47939700811927 /* back.png */; };
		D05E62711C47982200811927 /* lhUserModel.m in Sources */ = {isa = PBXBuildFile; fileRef = D05E62701C47982200811927 /* lhUserModel.m */; };
		D05E62741C479AE300811927 /* lhRequestDataUseAFNetworking.m in Sources */ = {isa = PBXBuildFile; fileRef = D05E62731C479AE300811927 /* lhRequestDataUseAFNetworking.m */; };
		D06AE9011C488B35008F6A8F /* lhMainViewModel.m in Sources */ = {isa = PBXBuildFile; fileRef = D06AE9001C488B35008F6A8F /* lhMainViewModel.m */; };
		D06AE9051C4890EE008F6A8F /* MyMD5.m in Sources */ = {isa = PBXBuildFile; fileRef = D06AE9041C4890EE008F6A8F /* MyMD5.m */; };
		D06AE9081C48D045008F6A8F /* lhLoginModel.m in Sources */ = {isa = PBXBuildFile; fileRef = D06AE9071C48D045008F6A8F /* lhLoginModel.m */; };
		D06AE90B1C48D0CC008F6A8F /* lhMainShowModel.m in Sources */ = {isa = PBXBuildFile; fileRef = D06AE90A1C48D0CC008F6A8F /* lhMainShowModel.m */; };
		D06AE9211C48EDC7008F6A8F /* lhLoginViewController.m in Sources */ = {isa = PBXBuildFile; fileRef = D06AE91D1C48EDC7008F6A8F /* lhLoginViewController.m */; };
		D06AE9241C48EE28008F6A8F /* lhLoginView.m in Sources */ = {isa = PBXBuildFile; fileRef = D06AE9231C48EE28008F6A8F /* lhLoginView.m */; };
		D06AE9271C48F4E2008F6A8F /* lhValidateCodeModel.m in Sources */ = {isa = PBXBuildFile; fileRef = D06AE9261C48F4E2008F6A8F /* lhValidateCodeModel.m */; };
		D06AE92A1C48F683008F6A8F /* lhLoginViewModel.m in Sources */ = {isa = PBXBuildFile; fileRef = D06AE9291C48F683008F6A8F /* lhLoginViewModel.m */; };
		D08FB4911C520D13003E04E4 /* CoreMotion.framework in Frameworks */ = {isa = PBXBuildFile; fileRef = D08FB4901C520D13003E04E4 /* CoreMotion.framework */; };
		D08FB4931C520D1D003E04E4 /* libc++.tbd in Frameworks */ = {isa = PBXBuildFile; fileRef = D08FB4921C520D1D003E04E4 /* libc++.tbd */; };
		D08FB4951C520D24003E04E4 /* MobileCoreServices.framework in Frameworks */ = {isa = PBXBuildFile; fileRef = D08FB4941C520D24003E04E4 /* MobileCoreServices.framework */; };
		D08FB4971C520D2B003E04E4 /* CFNetwork.framework in Frameworks */ = {isa = PBXBuildFile; fileRef = D08FB4961C520D2B003E04E4 /* CFNetwork.framework */; };
		D08FB4991C520D33003E04E4 /* CoreText.framework in Frameworks */ = {isa = PBXBuildFile; fileRef = D08FB4981C520D33003E04E4 /* CoreText.framework */; };
		D08FB49B1C520D3B003E04E4 /* GLKit.framework in Frameworks */ = {isa = PBXBuildFile; fileRef = D08FB49A1C520D3B003E04E4 /* GLKit.framework */; };
		D08FB49D1C520D43003E04E4 /* Security.framework in Frameworks */ = {isa = PBXBuildFile; fileRef = D08FB49C1C520D43003E04E4 /* Security.framework */; };
		D08FB49F1C520D4B003E04E4 /* libz.1.2.5.tbd in Frameworks */ = {isa = PBXBuildFile; fileRef = D08FB49E1C520D4B003E04E4 /* libz.1.2.5.tbd */; };
		D08FB4A11C520D59003E04E4 /* libstdc++.6.0.9.tbd in Frameworks */ = {isa = PBXBuildFile; fileRef = D08FB4A01C520D59003E04E4 /* libstdc++.6.0.9.tbd */; };
		D08FB4A31C520D5F003E04E4 /* AddressBook.framework in Frameworks */ = {isa = PBXBuildFile; fileRef = D08FB4A21C520D5F003E04E4 /* AddressBook.framework */; };
		D08FB4A51C520D64003E04E4 /* CoreTelephony.framework in Frameworks */ = {isa = PBXBuildFile; fileRef = D08FB4A41C520D64003E04E4 /* CoreTelephony.framework */; };
		D08FB4A71C520D6D003E04E4 /* SystemConfiguration.framework in Frameworks */ = {isa = PBXBuildFile; fileRef = D08FB4A61C520D6D003E04E4 /* SystemConfiguration.framework */; };
		D08FB4A91C520D77003E04E4 /* libicucore.tbd in Frameworks */ = {isa = PBXBuildFile; fileRef = D08FB4A81C520D77003E04E4 /* libicucore.tbd */; };
		D08FB4AB1C520D7E003E04E4 /* libz.tbd in Frameworks */ = {isa = PBXBuildFile; fileRef = D08FB4AA1C520D7E003E04E4 /* libz.tbd */; };
		D08FB4AD1C520D85003E04E4 /* CoreMedia.framework in Frameworks */ = {isa = PBXBuildFile; fileRef = D08FB4AC1C520D85003E04E4 /* CoreMedia.framework */; };
		D08FB4AF1C520D8C003E04E4 /* CoreVideo.framework in Frameworks */ = {isa = PBXBuildFile; fileRef = D08FB4AE1C520D8C003E04E4 /* CoreVideo.framework */; };
		D08FB4B11C520D91003E04E4 /* QuartzCore.framework in Frameworks */ = {isa = PBXBuildFile; fileRef = D08FB4B01C520D91003E04E4 /* QuartzCore.framework */; };
		D08FB4B31C520DA4003E04E4 /* libiconv.tbd in Frameworks */ = {isa = PBXBuildFile; fileRef = D08FB4B21C520DA3003E04E4 /* libiconv.tbd */; };
/* End PBXBuildFile section */

/* Begin PBXContainerItemProxy section */
		6EB714B61C415FEA0014D4A0 /* PBXContainerItemProxy */ = {
			isa = PBXContainerItemProxy;
			containerPortal = 6EB714941C415FE90014D4A0 /* Project object */;
			proxyType = 1;
			remoteGlobalIDString = 6EB7149B1C415FEA0014D4A0;
			remoteInfo = LHTestProduct;
		};
/* End PBXContainerItemProxy section */

/* Begin PBXFileReference section */
		18B8EF401B215CC4FC78AA7E /* libPods.a */ = {isa = PBXFileReference; explicitFileType = archive.ar; includeInIndex = 0; path = libPods.a; sourceTree = BUILT_PRODUCTS_DIR; };
		6EB7149C1C415FEA0014D4A0 /* LHTestProduct.app */ = {isa = PBXFileReference; explicitFileType = wrapper.application; includeInIndex = 0; path = LHTestProduct.app; sourceTree = BUILT_PRODUCTS_DIR; };
		6EB714A01C415FEA0014D4A0 /* Info.plist */ = {isa = PBXFileReference; lastKnownFileType = text.plist.xml; path = Info.plist; sourceTree = "<group>"; };
		6EB714A11C415FEA0014D4A0 /* main.m */ = {isa = PBXFileReference; lastKnownFileType = sourcecode.c.objc; path = main.m; sourceTree = "<group>"; };
		6EB714A31C415FEA0014D4A0 /* AppDelegate.h */ = {isa = PBXFileReference; lastKnownFileType = sourcecode.c.h; path = AppDelegate.h; sourceTree = "<group>"; };
		6EB714A41C415FEA0014D4A0 /* AppDelegate.m */ = {isa = PBXFileReference; lastKnownFileType = sourcecode.c.objc; path = AppDelegate.m; sourceTree = "<group>"; };
		6EB714AC1C415FEA0014D4A0 /* Images.xcassets */ = {isa = PBXFileReference; lastKnownFileType = folder.assetcatalog; path = Images.xcassets; sourceTree = "<group>"; };
		6EB714B51C415FEA0014D4A0 /* LHTestProductTests.xctest */ = {isa = PBXFileReference; explicitFileType = wrapper.cfbundle; includeInIndex = 0; path = LHTestProductTests.xctest; sourceTree = BUILT_PRODUCTS_DIR; };
		6EB714BA1C415FEA0014D4A0 /* Info.plist */ = {isa = PBXFileReference; lastKnownFileType = text.plist.xml; path = Info.plist; sourceTree = "<group>"; };
		6EB714BB1C415FEA0014D4A0 /* LHTestProductTests.m */ = {isa = PBXFileReference; lastKnownFileType = sourcecode.c.objc; path = LHTestProductTests.m; sourceTree = "<group>"; };
		7CFDBD23595CF9C01C0FF7FC /* Pods.debug.xcconfig */ = {isa = PBXFileReference; includeInIndex = 1; lastKnownFileType = text.xcconfig; name = Pods.debug.xcconfig; path = "Pods/Target Support Files/Pods/Pods.debug.xcconfig"; sourceTree = "<group>"; };
		80B595A701E1827104965EDF /* Pods.release.xcconfig */ = {isa = PBXFileReference; includeInIndex = 1; lastKnownFileType = text.xcconfig; name = Pods.release.xcconfig; path = "Pods/Target Support Files/Pods/Pods.release.xcconfig"; sourceTree = "<group>"; };
		D05E625E1C47779800811927 /* lhMainViewController.h */ = {isa = PBXFileReference; fileEncoding = 4; lastKnownFileType = sourcecode.c.h; path = lhMainViewController.h; sourceTree = "<group>"; };
		D05E625F1C47779800811927 /* lhMainViewController.m */ = {isa = PBXFileReference; fileEncoding = 4; lastKnownFileType = sourcecode.c.objc; path = lhMainViewController.m; sourceTree = "<group>"; };
		D05E62611C4779AD00811927 /* PrefixHeader.pch */ = {isa = PBXFileReference; fileEncoding = 4; lastKnownFileType = sourcecode.c.h; path = PrefixHeader.pch; sourceTree = "<group>"; };
		D05E62621C477A6600811927 /* lhNavigationBar.h */ = {isa = PBXFileReference; fileEncoding = 4; lastKnownFileType = sourcecode.c.h; path = lhNavigationBar.h; sourceTree = "<group>"; };
		D05E62631C477A6600811927 /* lhNavigationBar.m */ = {isa = PBXFileReference; fileEncoding = 4; lastKnownFileType = sourcecode.c.objc; path = lhNavigationBar.m; sourceTree = "<group>"; };
		D05E62651C477BCF00811927 /* Defines.h */ = {isa = PBXFileReference; fileEncoding = 4; lastKnownFileType = sourcecode.c.h; path = Defines.h; sourceTree = "<group>"; };
		D05E62671C47802900811927 /* UIColor+lhColor.h */ = {isa = PBXFileReference; fileEncoding = 4; lastKnownFileType = sourcecode.c.h; path = "UIColor+lhColor.h"; sourceTree = "<group>"; };
		D05E62681C47802900811927 /* UIColor+lhColor.m */ = {isa = PBXFileReference; fileEncoding = 4; lastKnownFileType = sourcecode.c.objc; path = "UIColor+lhColor.m"; sourceTree = "<group>"; };
		D05E626D1C47939700811927 /* back.png */ = {isa = PBXFileReference; lastKnownFileType = image.png; path = back.png; sourceTree = "<group>"; };
		D05E626F1C47982200811927 /* lhUserModel.h */ = {isa = PBXFileReference; fileEncoding = 4; lastKnownFileType = sourcecode.c.h; path = lhUserModel.h; sourceTree = "<group>"; };
		D05E62701C47982200811927 /* lhUserModel.m */ = {isa = PBXFileReference; fileEncoding = 4; lastKnownFileType = sourcecode.c.objc; path = lhUserModel.m; sourceTree = "<group>"; };
		D05E62721C479AE300811927 /* lhRequestDataUseAFNetworking.h */ = {isa = PBXFileReference; fileEncoding = 4; lastKnownFileType = sourcecode.c.h; path = lhRequestDataUseAFNetworking.h; sourceTree = "<group>"; };
		D05E62731C479AE300811927 /* lhRequestDataUseAFNetworking.m */ = {isa = PBXFileReference; fileEncoding = 4; lastKnownFileType = sourcecode.c.objc; path = lhRequestDataUseAFNetworking.m; sourceTree = "<group>"; };
		D06AE8FF1C488B35008F6A8F /* lhMainViewModel.h */ = {isa = PBXFileReference; fileEncoding = 4; lastKnownFileType = sourcecode.c.h; path = lhMainViewModel.h; sourceTree = "<group>"; };
		D06AE9001C488B35008F6A8F /* lhMainViewModel.m */ = {isa = PBXFileReference; fileEncoding = 4; lastKnownFileType = sourcecode.c.objc; path = lhMainViewModel.m; sourceTree = "<group>"; };
		D06AE9031C4890EE008F6A8F /* MyMD5.h */ = {isa = PBXFileReference; fileEncoding = 4; lastKnownFileType = sourcecode.c.h; path = MyMD5.h; sourceTree = "<group>"; };
		D06AE9041C4890EE008F6A8F /* MyMD5.m */ = {isa = PBXFileReference; fileEncoding = 4; lastKnownFileType = sourcecode.c.objc; path = MyMD5.m; sourceTree = "<group>"; };
		D06AE9061C48D045008F6A8F /* lhLoginModel.h */ = {isa = PBXFileReference; fileEncoding = 4; lastKnownFileType = sourcecode.c.h; path = lhLoginModel.h; sourceTree = "<group>"; };
		D06AE9071C48D045008F6A8F /* lhLoginModel.m */ = {isa = PBXFileReference; fileEncoding = 4; lastKnownFileType = sourcecode.c.objc; path = lhLoginModel.m; sourceTree = "<group>"; };
		D06AE9091C48D0CC008F6A8F /* lhMainShowModel.h */ = {isa = PBXFileReference; fileEncoding = 4; lastKnownFileType = sourcecode.c.h; path = lhMainShowModel.h; sourceTree = "<group>"; };
		D06AE90A1C48D0CC008F6A8F /* lhMainShowModel.m */ = {isa = PBXFileReference; fileEncoding = 4; lastKnownFileType = sourcecode.c.objc; path = lhMainShowModel.m; sourceTree = "<group>"; };
		D06AE91C1C48EDC7008F6A8F /* lhLoginViewController.h */ = {isa = PBXFileReference; fileEncoding = 4; lastKnownFileType = sourcecode.c.h; path = lhLoginViewController.h; sourceTree = "<group>"; };
		D06AE91D1C48EDC7008F6A8F /* lhLoginViewController.m */ = {isa = PBXFileReference; fileEncoding = 4; lastKnownFileType = sourcecode.c.objc; path = lhLoginViewController.m; sourceTree = "<group>"; };
		D06AE9221C48EE28008F6A8F /* lhLoginView.h */ = {isa = PBXFileReference; fileEncoding = 4; lastKnownFileType = sourcecode.c.h; path = lhLoginView.h; sourceTree = "<group>"; };
		D06AE9231C48EE28008F6A8F /* lhLoginView.m */ = {isa = PBXFileReference; fileEncoding = 4; lastKnownFileType = sourcecode.c.objc; path = lhLoginView.m; sourceTree = "<group>"; };
		D06AE9251C48F4E2008F6A8F /* lhValidateCodeModel.h */ = {isa = PBXFileReference; fileEncoding = 4; lastKnownFileType = sourcecode.c.h; path = lhValidateCodeModel.h; sourceTree = "<group>"; };
		D06AE9261C48F4E2008F6A8F /* lhValidateCodeModel.m */ = {isa = PBXFileReference; fileEncoding = 4; lastKnownFileType = sourcecode.c.objc; path = lhValidateCodeModel.m; sourceTree = "<group>"; };
		D06AE9281C48F683008F6A8F /* lhLoginViewModel.h */ = {isa = PBXFileReference; fileEncoding = 4; lastKnownFileType = sourcecode.c.h; path = lhLoginViewModel.h; sourceTree = "<group>"; };
		D06AE9291C48F683008F6A8F /* lhLoginViewModel.m */ = {isa = PBXFileReference; fileEncoding = 4; lastKnownFileType = sourcecode.c.objc; path = lhLoginViewModel.m; sourceTree = "<group>"; };
		D08FB4901C520D13003E04E4 /* CoreMotion.framework */ = {isa = PBXFileReference; lastKnownFileType = wrapper.framework; name = CoreMotion.framework; path = System/Library/Frameworks/CoreMotion.framework; sourceTree = SDKROOT; };
		D08FB4921C520D1D003E04E4 /* libc++.tbd */ = {isa = PBXFileReference; lastKnownFileType = "sourcecode.text-based-dylib-definition"; name = "libc++.tbd"; path = "usr/lib/libc++.tbd"; sourceTree = SDKROOT; };
		D08FB4941C520D24003E04E4 /* MobileCoreServices.framework */ = {isa = PBXFileReference; lastKnownFileType = wrapper.framework; name = MobileCoreServices.framework; path = System/Library/Frameworks/MobileCoreServices.framework; sourceTree = SDKROOT; };
		D08FB4961C520D2B003E04E4 /* CFNetwork.framework */ = {isa = PBXFileReference; lastKnownFileType = wrapper.framework; name = CFNetwork.framework; path = System/Library/Frameworks/CFNetwork.framework; sourceTree = SDKROOT; };
		D08FB4981C520D33003E04E4 /* CoreText.framework */ = {isa = PBXFileReference; lastKnownFileType = wrapper.framework; name = CoreText.framework; path = System/Library/Frameworks/CoreText.framework; sourceTree = SDKROOT; };
		D08FB49A1C520D3B003E04E4 /* GLKit.framework */ = {isa = PBXFileReference; lastKnownFileType = wrapper.framework; name = GLKit.framework; path = System/Library/Frameworks/GLKit.framework; sourceTree = SDKROOT; };
		D08FB49C1C520D43003E04E4 /* Security.framework */ = {isa = PBXFileReference; lastKnownFileType = wrapper.framework; name = Security.framework; path = System/Library/Frameworks/Security.framework; sourceTree = SDKROOT; };
		D08FB49E1C520D4B003E04E4 /* libz.1.2.5.tbd */ = {isa = PBXFileReference; lastKnownFileType = "sourcecode.text-based-dylib-definition"; name = libz.1.2.5.tbd; path = usr/lib/libz.1.2.5.tbd; sourceTree = SDKROOT; };
		D08FB4A01C520D59003E04E4 /* libstdc++.6.0.9.tbd */ = {isa = PBXFileReference; lastKnownFileType = "sourcecode.text-based-dylib-definition"; name = "libstdc++.6.0.9.tbd"; path = "usr/lib/libstdc++.6.0.9.tbd"; sourceTree = SDKROOT; };
		D08FB4A21C520D5F003E04E4 /* AddressBook.framework */ = {isa = PBXFileReference; lastKnownFileType = wrapper.framework; name = AddressBook.framework; path = System/Library/Frameworks/AddressBook.framework; sourceTree = SDKROOT; };
		D08FB4A41C520D64003E04E4 /* CoreTelephony.framework */ = {isa = PBXFileReference; lastKnownFileType = wrapper.framework; name = CoreTelephony.framework; path = System/Library/Frameworks/CoreTelephony.framework; sourceTree = SDKROOT; };
		D08FB4A61C520D6D003E04E4 /* SystemConfiguration.framework */ = {isa = PBXFileReference; lastKnownFileType = wrapper.framework; name = SystemConfiguration.framework; path = System/Library/Frameworks/SystemConfiguration.framework; sourceTree = SDKROOT; };
		D08FB4A81C520D77003E04E4 /* libicucore.tbd */ = {isa = PBXFileReference; lastKnownFileType = "sourcecode.text-based-dylib-definition"; name = libicucore.tbd; path = usr/lib/libicucore.tbd; sourceTree = SDKROOT; };
		D08FB4AA1C520D7E003E04E4 /* libz.tbd */ = {isa = PBXFileReference; lastKnownFileType = "sourcecode.text-based-dylib-definition"; name = libz.tbd; path = usr/lib/libz.tbd; sourceTree = SDKROOT; };
		D08FB4AC1C520D85003E04E4 /* CoreMedia.framework */ = {isa = PBXFileReference; lastKnownFileType = wrapper.framework; name = CoreMedia.framework; path = System/Library/Frameworks/CoreMedia.framework; sourceTree = SDKROOT; };
		D08FB4AE1C520D8C003E04E4 /* CoreVideo.framework */ = {isa = PBXFileReference; lastKnownFileType = wrapper.framework; name = CoreVideo.framework; path = System/Library/Frameworks/CoreVideo.framework; sourceTree = SDKROOT; };
		D08FB4B01C520D91003E04E4 /* QuartzCore.framework */ = {isa = PBXFileReference; lastKnownFileType = wrapper.framework; name = QuartzCore.framework; path = System/Library/Frameworks/QuartzCore.framework; sourceTree = SDKROOT; };
		D08FB4B21C520DA3003E04E4 /* libiconv.tbd */ = {isa = PBXFileReference; lastKnownFileType = "sourcecode.text-based-dylib-definition"; name = libiconv.tbd; path = usr/lib/libiconv.tbd; sourceTree = SDKROOT; };
/* End PBXFileReference section */

/* Begin PBXFrameworksBuildPhase section */
		6EB714991C415FEA0014D4A0 /* Frameworks */ = {
			isa = PBXFrameworksBuildPhase;
			buildActionMask = 2147483647;
			files = (
				D08FB4B31C520DA4003E04E4 /* libiconv.tbd in Frameworks */,
				D08FB4B11C520D91003E04E4 /* QuartzCore.framework in Frameworks */,
				D08FB4AF1C520D8C003E04E4 /* CoreVideo.framework in Frameworks */,
				D08FB4AD1C520D85003E04E4 /* CoreMedia.framework in Frameworks */,
				D08FB4AB1C520D7E003E04E4 /* libz.tbd in Frameworks */,
				D08FB4A91C520D77003E04E4 /* libicucore.tbd in Frameworks */,
				D08FB4A71C520D6D003E04E4 /* SystemConfiguration.framework in Frameworks */,
				D08FB4A51C520D64003E04E4 /* CoreTelephony.framework in Frameworks */,
				D08FB4A31C520D5F003E04E4 /* AddressBook.framework in Frameworks */,
				D08FB4A11C520D59003E04E4 /* libstdc++.6.0.9.tbd in Frameworks */,
				D08FB49F1C520D4B003E04E4 /* libz.1.2.5.tbd in Frameworks */,
				D08FB49D1C520D43003E04E4 /* Security.framework in Frameworks */,
				D08FB49B1C520D3B003E04E4 /* GLKit.framework in Frameworks */,
				D08FB4991C520D33003E04E4 /* CoreText.framework in Frameworks */,
				D08FB4971C520D2B003E04E4 /* CFNetwork.framework in Frameworks */,
				D08FB4951C520D24003E04E4 /* MobileCoreServices.framework in Frameworks */,
				D08FB4931C520D1D003E04E4 /* libc++.tbd in Frameworks */,
				D08FB4911C520D13003E04E4 /* CoreMotion.framework in Frameworks */,
				40EDC9CB8BF210B1A62E4ECD /* libPods.a in Frameworks */,
			);
			runOnlyForDeploymentPostprocessing = 0;
		};
		6EB714B21C415FEA0014D4A0 /* Frameworks */ = {
			isa = PBXFrameworksBuildPhase;
			buildActionMask = 2147483647;
			files = (
			);
			runOnlyForDeploymentPostprocessing = 0;
		};
/* End PBXFrameworksBuildPhase section */

/* Begin PBXGroup section */
		36B76EF5F0C31E77D0CB812A /* Pods */ = {
			isa = PBXGroup;
			children = (
				7CFDBD23595CF9C01C0FF7FC /* Pods.debug.xcconfig */,
				80B595A701E1827104965EDF /* Pods.release.xcconfig */,
			);
			name = Pods;
			sourceTree = "<group>";
		};
		6EB714931C415FE90014D4A0 = {
			isa = PBXGroup;
			children = (
				6EB7149E1C415FEA0014D4A0 /* LHTestProduct */,
				6EB714B81C415FEA0014D4A0 /* LHTestProductTests */,
				6EB7149D1C415FEA0014D4A0 /* Products */,
				36B76EF5F0C31E77D0CB812A /* Pods */,
				FE1E3B5C3D34129EA959C069 /* Frameworks */,
			);
			sourceTree = "<group>";
		};
		6EB7149D1C415FEA0014D4A0 /* Products */ = {
			isa = PBXGroup;
			children = (
				6EB7149C1C415FEA0014D4A0 /* LHTestProduct.app */,
				6EB714B51C415FEA0014D4A0 /* LHTestProductTests.xctest */,
			);
			name = Products;
			sourceTree = "<group>";
		};
		6EB7149E1C415FEA0014D4A0 /* LHTestProduct */ = {
			isa = PBXGroup;
			children = (
				D05E62551C47777700811927 /* 各功能模块 */,
				D05E625B1C47777700811927 /* 公共类 */,
				D05E626A1C47881A00811927 /* 图片资源 */,
				6EB714A31C415FEA0014D4A0 /* AppDelegate.h */,
				6EB714A41C415FEA0014D4A0 /* AppDelegate.m */,
				6EB714AC1C415FEA0014D4A0 /* Images.xcassets */,
				6EB7149F1C415FEA0014D4A0 /* Supporting Files */,
			);
			path = LHTestProduct;
			sourceTree = "<group>";
		};
		6EB7149F1C415FEA0014D4A0 /* Supporting Files */ = {
			isa = PBXGroup;
			children = (
				6EB714A01C415FEA0014D4A0 /* Info.plist */,
				6EB714A11C415FEA0014D4A0 /* main.m */,
				D05E62611C4779AD00811927 /* PrefixHeader.pch */,
			);
			name = "Supporting Files";
			sourceTree = "<group>";
		};
		6EB714B81C415FEA0014D4A0 /* LHTestProductTests */ = {
			isa = PBXGroup;
			children = (
				6EB714BB1C415FEA0014D4A0 /* LHTestProductTests.m */,
				6EB714B91C415FEA0014D4A0 /* Supporting Files */,
			);
			path = LHTestProductTests;
			sourceTree = "<group>";
		};
		6EB714B91C415FEA0014D4A0 /* Supporting Files */ = {
			isa = PBXGroup;
			children = (
				6EB714BA1C415FEA0014D4A0 /* Info.plist */,
			);
			name = "Supporting Files";
			sourceTree = "<group>";
		};
		D05E62551C47777700811927 /* 各功能模块 */ = {
			isa = PBXGroup;
			children = (
				D06AE91A1C48EDC7008F6A8F /* 登录修改绑定账号 */,
				D05E62561C47777700811927 /* 主页 */,
			);
			path = "各功能模块";
			sourceTree = "<group>";
		};
		D05E62561C47777700811927 /* 主页 */ = {
			isa = PBXGroup;
			children = (
				D05E62571C47777700811927 /* controller */,
				D05E62581C47777700811927 /* model */,
				D05E62591C47777700811927 /* view */,
				D05E625A1C47777700811927 /* viewModel */,
			);
			path = "主页";
			sourceTree = "<group>";
		};
		D05E62571C47777700811927 /* controller */ = {
			isa = PBXGroup;
			children = (
				D05E625E1C47779800811927 /* lhMainViewController.h */,
				D05E625F1C47779800811927 /* lhMainViewController.m */,
			);
			path = controller;
			sourceTree = "<group>";
		};
		D05E62581C47777700811927 /* model */ = {
			isa = PBXGroup;
			children = (
				D06AE9061C48D045008F6A8F /* lhLoginModel.h */,
				D06AE9071C48D045008F6A8F /* lhLoginModel.m */,
				D06AE9091C48D0CC008F6A8F /* lhMainShowModel.h */,
				D06AE90A1C48D0CC008F6A8F /* lhMainShowModel.m */,
				D05E626F1C47982200811927 /* lhUserModel.h */,
				D05E62701C47982200811927 /* lhUserModel.m */,
			);
			path = model;
			sourceTree = "<group>";
		};
		D05E62591C47777700811927 /* view */ = {
			isa = PBXGroup;
			children = (
				D05E62621C477A6600811927 /* lhNavigationBar.h */,
				D05E62631C477A6600811927 /* lhNavigationBar.m */,
			);
			path = view;
			sourceTree = "<group>";
		};
		D05E625A1C47777700811927 /* viewModel */ = {
			isa = PBXGroup;
			children = (
				D06AE8FF1C488B35008F6A8F /* lhMainViewModel.h */,
				D06AE9001C488B35008F6A8F /* lhMainViewModel.m */,
				D05E62721C479AE300811927 /* lhRequestDataUseAFNetworking.h */,
				D05E62731C479AE300811927 /* lhRequestDataUseAFNetworking.m */,
			);
			path = viewModel;
			sourceTree = "<group>";
		};
		D05E625B1C47777700811927 /* 公共类 */ = {
			isa = PBXGroup;
			children = (
				D06AE9021C4890EE008F6A8F /* MD5加密 */,
				D05E625C1C47777700811927 /* 宏定义 */,
				D05E625D1C47777700811927 /* 工具类 */,
			);
			path = "公共类";
			sourceTree = "<group>";
		};
		D05E625C1C47777700811927 /* 宏定义 */ = {
			isa = PBXGroup;
			children = (
				D05E62651C477BCF00811927 /* Defines.h */,
			);
			path = "宏定义";
			sourceTree = "<group>";
		};
		D05E625D1C47777700811927 /* 工具类 */ = {
			isa = PBXGroup;
			children = (
				D05E62671C47802900811927 /* UIColor+lhColor.h */,
				D05E62681C47802900811927 /* UIColor+lhColor.m */,
			);
			path = "工具类";
			sourceTree = "<group>";
		};
		D05E626A1C47881A00811927 /* 图片资源 */ = {
			isa = PBXGroup;
			children = (
				D05E626D1C47939700811927 /* back.png */,
			);
			path = "图片资源";
			sourceTree = "<group>";
		};
		D06AE9021C4890EE008F6A8F /* MD5加密 */ = {
			isa = PBXGroup;
			children = (
				D06AE9031C4890EE008F6A8F /* MyMD5.h */,
				D06AE9041C4890EE008F6A8F /* MyMD5.m */,
			);
			path = "MD5加密";
			sourceTree = "<group>";
		};
		D06AE91A1C48EDC7008F6A8F /* 登录修改绑定账号 */ = {
			isa = PBXGroup;
			children = (
				D06AE91B1C48EDC7008F6A8F /* controller */,
				D06AE91E1C48EDC7008F6A8F /* model */,
				D06AE91F1C48EDC7008F6A8F /* view */,
				D06AE9201C48EDC7008F6A8F /* viewModel */,
			);
			path = "登录修改绑定账号";
			sourceTree = "<group>";
		};
		D06AE91B1C48EDC7008F6A8F /* controller */ = {
			isa = PBXGroup;
			children = (
				D06AE91C1C48EDC7008F6A8F /* lhLoginViewController.h */,
				D06AE91D1C48EDC7008F6A8F /* lhLoginViewController.m */,
			);
			path = controller;
			sourceTree = "<group>";
		};
		D06AE91E1C48EDC7008F6A8F /* model */ = {
			isa = PBXGroup;
			children = (
				D06AE9251C48F4E2008F6A8F /* lhValidateCodeModel.h */,
				D06AE9261C48F4E2008F6A8F /* lhValidateCodeModel.m */,
			);
			path = model;
			sourceTree = "<group>";
		};
		D06AE91F1C48EDC7008F6A8F /* view */ = {
			isa = PBXGroup;
			children = (
				D06AE9221C48EE28008F6A8F /* lhLoginView.h */,
				D06AE9231C48EE28008F6A8F /* lhLoginView.m */,
			);
			path = view;
			sourceTree = "<group>";
		};
		D06AE9201C48EDC7008F6A8F /* viewModel */ = {
			isa = PBXGroup;
			children = (
				D06AE9281C48F683008F6A8F /* lhLoginViewModel.h */,
				D06AE9291C48F683008F6A8F /* lhLoginViewModel.m */,
			);
			path = viewModel;
			sourceTree = "<group>";
		};
		FE1E3B5C3D34129EA959C069 /* Frameworks */ = {
			isa = PBXGroup;
			children = (
				D08FB4B21C520DA3003E04E4 /* libiconv.tbd */,
				D08FB4B01C520D91003E04E4 /* QuartzCore.framework */,
				D08FB4AE1C520D8C003E04E4 /* CoreVideo.framework */,
				D08FB4AC1C520D85003E04E4 /* CoreMedia.framework */,
				D08FB4AA1C520D7E003E04E4 /* libz.tbd */,
				D08FB4A81C520D77003E04E4 /* libicucore.tbd */,
				D08FB4A61C520D6D003E04E4 /* SystemConfiguration.framework */,
				D08FB4A41C520D64003E04E4 /* CoreTelephony.framework */,
				D08FB4A21C520D5F003E04E4 /* AddressBook.framework */,
				D08FB4A01C520D59003E04E4 /* libstdc++.6.0.9.tbd */,
				D08FB49E1C520D4B003E04E4 /* libz.1.2.5.tbd */,
				D08FB49C1C520D43003E04E4 /* Security.framework */,
				D08FB49A1C520D3B003E04E4 /* GLKit.framework */,
				D08FB4981C520D33003E04E4 /* CoreText.framework */,
				D08FB4961C520D2B003E04E4 /* CFNetwork.framework */,
				D08FB4941C520D24003E04E4 /* MobileCoreServices.framework */,
				D08FB4921C520D1D003E04E4 /* libc++.tbd */,
				D08FB4901C520D13003E04E4 /* CoreMotion.framework */,
				18B8EF401B215CC4FC78AA7E /* libPods.a */,
			);
			name = Frameworks;
			sourceTree = "<group>";
		};
/* End PBXGroup section */

/* Begin PBXNativeTarget section */
		6EB7149B1C415FEA0014D4A0 /* LHTestProduct */ = {
			isa = PBXNativeTarget;
			buildConfigurationList = 6EB714BF1C415FEA0014D4A0 /* Build configuration list for PBXNativeTarget "LHTestProduct" */;
			buildPhases = (
				D1B965FDEBBDE6F77A561EB8 /* Check Pods Manifest.lock */,
				6EB714981C415FEA0014D4A0 /* Sources */,
				6EB714991C415FEA0014D4A0 /* Frameworks */,
				6EB7149A1C415FEA0014D4A0 /* Resources */,
				A15369A6656F285EF60DA543 /* Copy Pods Resources */,
			);
			buildRules = (
			);
			dependencies = (
			);
			name = LHTestProduct;
			productName = LHTestProduct;
			productReference = 6EB7149C1C415FEA0014D4A0 /* LHTestProduct.app */;
			productType = "com.apple.product-type.application";
		};
		6EB714B41C415FEA0014D4A0 /* LHTestProductTests */ = {
			isa = PBXNativeTarget;
			buildConfigurationList = 6EB714C21C415FEA0014D4A0 /* Build configuration list for PBXNativeTarget "LHTestProductTests" */;
			buildPhases = (
				6EB714B11C415FEA0014D4A0 /* Sources */,
				6EB714B21C415FEA0014D4A0 /* Frameworks */,
				6EB714B31C415FEA0014D4A0 /* Resources */,
			);
			buildRules = (
			);
			dependencies = (
				6EB714B71C415FEA0014D4A0 /* PBXTargetDependency */,
			);
			name = LHTestProductTests;
			productName = LHTestProductTests;
			productReference = 6EB714B51C415FEA0014D4A0 /* LHTestProductTests.xctest */;
			productType = "com.apple.product-type.bundle.unit-test";
		};
/* End PBXNativeTarget section */

/* Begin PBXProject section */
		6EB714941C415FE90014D4A0 /* Project object */ = {
			isa = PBXProject;
			attributes = {
				LastUpgradeCheck = 0720;
				ORGANIZATIONNAME = liuhuan;
				TargetAttributes = {
					6EB7149B1C415FEA0014D4A0 = {
						CreatedOnToolsVersion = 6.1.1;
					};
					6EB714B41C415FEA0014D4A0 = {
						CreatedOnToolsVersion = 6.1.1;
						TestTargetID = 6EB7149B1C415FEA0014D4A0;
					};
				};
			};
			buildConfigurationList = 6EB714971C415FE90014D4A0 /* Build configuration list for PBXProject "LHTestProduct" */;
			compatibilityVersion = "Xcode 3.2";
			developmentRegion = English;
			hasScannedForEncodings = 0;
			knownRegions = (
				en,
				Base,
			);
			mainGroup = 6EB714931C415FE90014D4A0;
			productRefGroup = 6EB7149D1C415FEA0014D4A0 /* Products */;
			projectDirPath = "";
			projectRoot = "";
			targets = (
				6EB7149B1C415FEA0014D4A0 /* LHTestProduct */,
				6EB714B41C415FEA0014D4A0 /* LHTestProductTests */,
			);
		};
/* End PBXProject section */

/* Begin PBXResourcesBuildPhase section */
		6EB7149A1C415FEA0014D4A0 /* Resources */ = {
			isa = PBXResourcesBuildPhase;
			buildActionMask = 2147483647;
			files = (
				D05E626E1C47939700811927 /* back.png in Resources */,
				6EB714AD1C415FEA0014D4A0 /* Images.xcassets in Resources */,
			);
			runOnlyForDeploymentPostprocessing = 0;
		};
		6EB714B31C415FEA0014D4A0 /* Resources */ = {
			isa = PBXResourcesBuildPhase;
			buildActionMask = 2147483647;
			files = (
			);
			runOnlyForDeploymentPostprocessing = 0;
		};
/* End PBXResourcesBuildPhase section */

/* Begin PBXShellScriptBuildPhase section */
		A15369A6656F285EF60DA543 /* Copy Pods Resources */ = {
			isa = PBXShellScriptBuildPhase;
			buildActionMask = 2147483647;
			files = (
			);
			inputPaths = (
			);
			name = "Copy Pods Resources";
			outputPaths = (
			);
			runOnlyForDeploymentPostprocessing = 0;
			shellPath = /bin/sh;
			shellScript = "\"${SRCROOT}/Pods/Target Support Files/Pods/Pods-resources.sh\"\n";
			showEnvVarsInLog = 0;
		};
		D1B965FDEBBDE6F77A561EB8 /* Check Pods Manifest.lock */ = {
			isa = PBXShellScriptBuildPhase;
			buildActionMask = 2147483647;
			files = (
			);
			inputPaths = (
			);
			name = "Check Pods Manifest.lock";
			outputPaths = (
			);
			runOnlyForDeploymentPostprocessing = 0;
			shellPath = /bin/sh;
			shellScript = "diff \"${PODS_ROOT}/../Podfile.lock\" \"${PODS_ROOT}/Manifest.lock\" > /dev/null\nif [[ $? != 0 ]] ; then\n    cat << EOM\nerror: The sandbox is not in sync with the Podfile.lock. Run 'pod install' or update your CocoaPods installation.\nEOM\n    exit 1\nfi\n";
			showEnvVarsInLog = 0;
		};
/* End PBXShellScriptBuildPhase section */

/* Begin PBXSourcesBuildPhase section */
		6EB714981C415FEA0014D4A0 /* Sources */ = {
			isa = PBXSourcesBuildPhase;
			buildActionMask = 2147483647;
			files = (
				D06AE90B1C48D0CC008F6A8F /* lhMainShowModel.m in Sources */,
				D06AE9051C4890EE008F6A8F /* MyMD5.m in Sources */,
				6EB714A51C415FEA0014D4A0 /* AppDelegate.m in Sources */,
				D06AE92A1C48F683008F6A8F /* lhLoginViewModel.m in Sources */,
				D06AE9011C488B35008F6A8F /* lhMainViewModel.m in Sources */,
				D05E62641C477A6600811927 /* lhNavigationBar.m in Sources */,
				D05E62691C47802900811927 /* UIColor+lhColor.m in Sources */,
				6EB714A21C415FEA0014D4A0 /* main.m in Sources */,
				D06AE9241C48EE28008F6A8F /* lhLoginView.m in Sources */,
				D05E62711C47982200811927 /* lhUserModel.m in Sources */,
				D06AE9081C48D045008F6A8F /* lhLoginModel.m in Sources */,
				D05E62601C47779800811927 /* lhMainViewController.m in Sources */,
				D06AE9211C48EDC7008F6A8F /* lhLoginViewController.m in Sources */,
				D06AE9271C48F4E2008F6A8F /* lhValidateCodeModel.m in Sources */,
				D05E62741C479AE300811927 /* lhRequestDataUseAFNetworking.m in Sources */,
			);
			runOnlyForDeploymentPostprocessing = 0;
		};
		6EB714B11C415FEA0014D4A0 /* Sources */ = {
			isa = PBXSourcesBuildPhase;
			buildActionMask = 2147483647;
			files = (
				6EB714BC1C415FEA0014D4A0 /* LHTestProductTests.m in Sources */,
			);
			runOnlyForDeploymentPostprocessing = 0;
		};
/* End PBXSourcesBuildPhase section */

/* Begin PBXTargetDependency section */
		6EB714B71C415FEA0014D4A0 /* PBXTargetDependency */ = {
			isa = PBXTargetDependency;
			target = 6EB7149B1C415FEA0014D4A0 /* LHTestProduct */;
			targetProxy = 6EB714B61C415FEA0014D4A0 /* PBXContainerItemProxy */;
		};
/* End PBXTargetDependency section */

/* Begin XCBuildConfiguration section */
		6EB714BD1C415FEA0014D4A0 /* Debug */ = {
			isa = XCBuildConfiguration;
			buildSettings = {
				ALWAYS_SEARCH_USER_PATHS = NO;
				CLANG_CXX_LANGUAGE_STANDARD = "gnu++0x";
				CLANG_CXX_LIBRARY = "libc++";
				CLANG_ENABLE_MODULES = YES;
				CLANG_ENABLE_OBJC_ARC = YES;
				CLANG_WARN_BOOL_CONVERSION = YES;
				CLANG_WARN_CONSTANT_CONVERSION = YES;
				CLANG_WARN_DIRECT_OBJC_ISA_USAGE = YES_ERROR;
				CLANG_WARN_EMPTY_BODY = YES;
				CLANG_WARN_ENUM_CONVERSION = YES;
				CLANG_WARN_INT_CONVERSION = YES;
				CLANG_WARN_OBJC_ROOT_CLASS = YES_ERROR;
				CLANG_WARN_UNREACHABLE_CODE = YES;
				CLANG_WARN__DUPLICATE_METHOD_MATCH = YES;
				"CODE_SIGN_IDENTITY[sdk=iphoneos*]" = "iPhone Developer";
				COPY_PHASE_STRIP = NO;
				ENABLE_STRICT_OBJC_MSGSEND = YES;
				ENABLE_TESTABILITY = YES;
				GCC_C_LANGUAGE_STANDARD = gnu99;
				GCC_DYNAMIC_NO_PIC = NO;
				GCC_OPTIMIZATION_LEVEL = 0;
				GCC_PREPROCESSOR_DEFINITIONS = (
					"DEBUG=1",
					"$(inherited)",
				);
				GCC_SYMBOLS_PRIVATE_EXTERN = NO;
				GCC_WARN_64_TO_32_BIT_CONVERSION = YES;
				GCC_WARN_ABOUT_RETURN_TYPE = YES_ERROR;
				GCC_WARN_UNDECLARED_SELECTOR = YES;
				GCC_WARN_UNINITIALIZED_AUTOS = YES_AGGRESSIVE;
				GCC_WARN_UNUSED_FUNCTION = YES;
				GCC_WARN_UNUSED_VARIABLE = YES;
				IPHONEOS_DEPLOYMENT_TARGET = 7.0;
				MTL_ENABLE_DEBUG_INFO = YES;
				ONLY_ACTIVE_ARCH = YES;
				SDKROOT = iphoneos;
				TARGETED_DEVICE_FAMILY = "1,2";
			};
			name = Debug;
		};
		6EB714BE1C415FEA0014D4A0 /* Release */ = {
			isa = XCBuildConfiguration;
			buildSettings = {
				ALWAYS_SEARCH_USER_PATHS = NO;
				CLANG_CXX_LANGUAGE_STANDARD = "gnu++0x";
				CLANG_CXX_LIBRARY = "libc++";
				CLANG_ENABLE_MODULES = YES;
				CLANG_ENABLE_OBJC_ARC = YES;
				CLANG_WARN_BOOL_CONVERSION = YES;
				CLANG_WARN_CONSTANT_CONVERSION = YES;
				CLANG_WARN_DIRECT_OBJC_ISA_USAGE = YES_ERROR;
				CLANG_WARN_EMPTY_BODY = YES;
				CLANG_WARN_ENUM_CONVERSION = YES;
				CLANG_WARN_INT_CONVERSION = YES;
				CLANG_WARN_OBJC_ROOT_CLASS = YES_ERROR;
				CLANG_WARN_UNREACHABLE_CODE = YES;
				CLANG_WARN__DUPLICATE_METHOD_MATCH = YES;
				"CODE_SIGN_IDENTITY[sdk=iphoneos*]" = "iPhone Developer";
				COPY_PHASE_STRIP = YES;
				ENABLE_NS_ASSERTIONS = NO;
				ENABLE_STRICT_OBJC_MSGSEND = YES;
				GCC_C_LANGUAGE_STANDARD = gnu99;
				GCC_WARN_64_TO_32_BIT_CONVERSION = YES;
				GCC_WARN_ABOUT_RETURN_TYPE = YES_ERROR;
				GCC_WARN_UNDECLARED_SELECTOR = YES;
				GCC_WARN_UNINITIALIZED_AUTOS = YES_AGGRESSIVE;
				GCC_WARN_UNUSED_FUNCTION = YES;
				GCC_WARN_UNUSED_VARIABLE = YES;
				IPHONEOS_DEPLOYMENT_TARGET = 7.0;
				MTL_ENABLE_DEBUG_INFO = NO;
				SDKROOT = iphoneos;
				TARGETED_DEVICE_FAMILY = "1,2";
				VALIDATE_PRODUCT = YES;
			};
			name = Release;
		};
		6EB714C01C415FEA0014D4A0 /* Debug */ = {
			isa = XCBuildConfiguration;
			baseConfigurationReference = 7CFDBD23595CF9C01C0FF7FC /* Pods.debug.xcconfig */;
			buildSettings = {
				ASSETCATALOG_COMPILER_APPICON_NAME = AppIcon;
				ASSETCATALOG_COMPILER_LAUNCHIMAGE_NAME = LaunchImage;
				ENABLE_BITCODE = NO;
				GCC_PREFIX_HEADER = LHTestProduct/PrefixHeader.pch;
				INFOPLIST_FILE = LHTestProduct/Info.plist;
				IPHONEOS_DEPLOYMENT_TARGET = 7.0;
				LD_RUNPATH_SEARCH_PATHS = "$(inherited) @executable_path/Frameworks";
				PRODUCT_BUNDLE_IDENTIFIER = "liuhuan.$(PRODUCT_NAME:rfc1034identifier)";
				PRODUCT_NAME = "$(TARGET_NAME)";
				TARGETED_DEVICE_FAMILY = 1;
			};
			name = Debug;
		};
		6EB714C11C415FEA0014D4A0 /* Release */ = {
			isa = XCBuildConfiguration;
			baseConfigurationReference = 80B595A701E1827104965EDF /* Pods.release.xcconfig */;
			buildSettings = {
				ASSETCATALOG_COMPILER_APPICON_NAME = AppIcon;
				ASSETCATALOG_COMPILER_LAUNCHIMAGE_NAME = LaunchImage;
				ENABLE_BITCODE = NO;
				GCC_PREFIX_HEADER = LHTestProduct/PrefixHeader.pch;
				INFOPLIST_FILE = LHTestProduct/Info.plist;
				IPHONEOS_DEPLOYMENT_TARGET = 7.0;
				LD_RUNPATH_SEARCH_PATHS = "$(inherited) @executable_path/Frameworks";
				PRODUCT_BUNDLE_IDENTIFIER = "liuhuan.$(PRODUCT_NAME:rfc1034identifier)";
				PRODUCT_NAME = "$(TARGET_NAME)";
				TARGETED_DEVICE_FAMILY = 1;
			};
			name = Release;
		};
		6EB714C31C415FEA0014D4A0 /* Debug */ = {
			isa = XCBuildConfiguration;
			buildSettings = {
				BUNDLE_LOADER = "$(TEST_HOST)";
				FRAMEWORK_SEARCH_PATHS = (
					"$(SDKROOT)/Developer/Library/Frameworks",
					"$(inherited)",
				);
				GCC_PREPROCESSOR_DEFINITIONS = (
					"DEBUG=1",
					"$(inherited)",
				);
				INFOPLIST_FILE = LHTestProductTests/Info.plist;
				LD_RUNPATH_SEARCH_PATHS = "$(inherited) @executable_path/Frameworks @loader_path/Frameworks";
				PRODUCT_BUNDLE_IDENTIFIER = "liuhuan.$(PRODUCT_NAME:rfc1034identifier)";
				PRODUCT_NAME = "$(TARGET_NAME)";
				TEST_HOST = "$(BUILT_PRODUCTS_DIR)/LHTestProduct.app/LHTestProduct";
			};
			name = Debug;
		};
		6EB714C41C415FEA0014D4A0 /* Release */ = {
			isa = XCBuildConfiguration;
			buildSettings = {
				BUNDLE_LOADER = "$(TEST_HOST)";
				FRAMEWORK_SEARCH_PATHS = (
					"$(SDKROOT)/Developer/Library/Frameworks",
					"$(inherited)",
				);
				INFOPLIST_FILE = LHTestProductTests/Info.plist;
				LD_RUNPATH_SEARCH_PATHS = "$(inherited) @executable_path/Frameworks @loader_path/Frameworks";
				PRODUCT_BUNDLE_IDENTIFIER = "liuhuan.$(PRODUCT_NAME:rfc1034identifier)";
				PRODUCT_NAME = "$(TARGET_NAME)";
				TEST_HOST = "$(BUILT_PRODUCTS_DIR)/LHTestProduct.app/LHTestProduct";
			};
			name = Release;
		};
/* End XCBuildConfiguration section */

/* Begin XCConfigurationList section */
		6EB714971C415FE90014D4A0 /* Build configuration list for PBXProject "LHTestProduct" */ = {
			isa = XCConfigurationList;
			buildConfigurations = (
				6EB714BD1C415FEA0014D4A0 /* Debug */,
				6EB714BE1C415FEA0014D4A0 /* Release */,
			);
			defaultConfigurationIsVisible = 0;
			defaultConfigurationName = Release;
		};
		6EB714BF1C415FEA0014D4A0 /* Build configuration list for PBXNativeTarget "LHTestProduct" */ = {
			isa = XCConfigurationList;
			buildConfigurations = (
				6EB714C01C415FEA0014D4A0 /* Debug */,
				6EB714C11C415FEA0014D4A0 /* Release */,
			);
			defaultConfigurationIsVisible = 0;
			defaultConfigurationName = Release;
		};
		6EB714C21C415FEA0014D4A0 /* Build configuration list for PBXNativeTarget "LHTestProductTests" */ = {
			isa = XCConfigurationList;
			buildConfigurations = (
				6EB714C31C415FEA0014D4A0 /* Debug */,
				6EB714C41C415FEA0014D4A0 /* Release */,
			);
			defaultConfigurationIsVisible = 0;
			defaultConfigurationName = Release;
		};
/* End XCConfigurationList section */
	};
	rootObject = 6EB714941C415FE90014D4A0 /* Project object */;
}
